
Microsoft Visual Studio Solution File, Format Version 12.00
# Visual Studio Version 17
VisualStudioVersion = 17.14.36221.1 d17.14
MinimumVisualStudioVersion = 10.0.40219.1
Project("{FAE04EC0-301F-11D3-BF4B-00C04F79EFBC}") = "PalThrow", "PalThrow\PalThrow.csproj", "{15A56718-251A-4536-8CC0-C9F38BD1B995}"
EndProject
Global
	GlobalSection(SolutionConfigurationPlatforms) = preSolution
		Debug|Any CPU = Debug|Any CPU
		Release|Any CPU = Release|Any CPU
	EndGlobalSection
	GlobalSection(ProjectConfigurationPlatforms) = postSolution
		{15A56718-251A-4536-8CC0-C9F38BD1B995}.Debug|Any CPU.ActiveCfg = Debug|Any CPU
		{15A56718-251A-4536-8CC0-C9F38BD1B995}.Debug|Any CPU.Build.0 = Debug|Any CPU
		{15A56718-251A-4536-8CC0-C9F38BD1B995}.Release|Any CPU.ActiveCfg = Release|Any CPU
		{15A56718-251A-4536-8CC0-C9F38BD1B995}.Release|Any CPU.Build.0 = Release|Any CPU
	EndGlobalSection
	GlobalSection(SolutionProperties) = preSolution
		HideSolutionNode = FALSE
	EndGlobalSection
	GlobalSection(ExtensibilityGlobals) = postSolution
		SolutionGuid = {B3C2D910-04F0-4E1B-9DE7-0BABB1B8C02F}
	EndGlobalSection
EndGlobal
